<?xml version="1.0" encoding="UTF-8" standalone="yes" ?>
<CodeBlocks_project_file>
	<FileVersion major="1" minor="6" />
	<Project>
		<Option title="ThinkFast" />
		<Option pch_mode="2" />
		<Option compiler="gcc" />
		<Build>
			<Target title="Debug">
				<Option output="bin/Debug/ThinkFast" prefix_auto="1" extension_auto="1" />
				<Option object_output="obj/Debug/" />
				<Option type="1" />
				<Option compiler="gcc" />
				<Compiler>
					<Add option="-g" />
				</Compiler>
			</Target>
			<Target title="Release">
				<Option output="bin/Release/ThinkFast" prefix_auto="1" extension_auto="1" />
				<Option object_output="obj/Release/" />
				<Option type="1" />
				<Option compiler="gcc" />
				<Compiler>
					<Add option="-O2" />
				</Compiler>
				<Linker>
					<Add option="-s" />
				</Linker>
			</Target>
		</Build>
		<Compiler>
			<Add option="-Wall" />
		</Compiler>
		<Unit filename=".gitignore" />
		<Unit filename="assets/folder_init.txt" />
		<Unit filename="database/question_bank/higher_secondary/folder_init.txt" />
		<Unit filename="database/question_bank/primary/primary_easy_10.txt" />
		<Unit filename="database/question_bank/primary/question_bank.txt" />
		<Unit filename="database/question_bank/secondary/folder_init.txt" />
		<Unit filename="database/user_info.txt" />
		<Unit filename="include/clear_screen.h" />
		<Unit filename="include/get_user_info.h" />
		<Unit filename="include/login.h" />
		<Unit filename="include/main_menu.h" />
		<Unit filename="include/mcq_reader.h" />
		<Unit filename="include/playgame_submenu.h" />
		<Unit filename="include/random_number.h" />
		<Unit filename="include/register.h" />
		<Unit filename="others/file_structure.txt" />
		<Unit filename="src/login.c">
			<Option compilerVar="CC" />
		</Unit>
		<Unit filename="src/main.c">
			<Option compilerVar="CC" />
		</Unit>
		<Unit filename="src/main_menu.c">
			<Option compilerVar="CC" />
		</Unit>
		<Unit filename="src/playgame_submenu.c">
			<Option compilerVar="CC" />
		</Unit>
		<Unit filename="src/register.c">
			<Option compilerVar="CC" />
		</Unit>
		<Unit filename="utils/clear_screen.c">
			<Option compilerVar="CC" />
		</Unit>
		<Unit filename="utils/get_user_info.c">
			<Option compilerVar="CC" />
		</Unit>
		<Unit filename="utils/mcq_reader.c">
			<Option compilerVar="CC" />
		</Unit>
		<Unit filename="utils/random_number.c">
			<Option compilerVar="CC" />
		</Unit>
		<Extensions />
	</Project>
</CodeBlocks_project_file>
